{
  "nodes": {
    "cargo-wasm2map-src": {
      "flake": false,
      "locked": {
        "lastModified": 1693927731,
        "narHash": "sha256-oqJ9ZZLvUK57A9Kf6L4pPrW6nHqb+18+JGKj9HfIaaM=",
        "owner": "mtolmacs",
        "repo": "wasm2map",
        "rev": "c7d80748b7f3af37df24770b9330b17aa9599e3e",
        "type": "github"
      },
      "original": {
        "owner": "mtolmacs",
        "repo": "wasm2map",
        "type": "github"
      }
    },
    "flake-compat": {
      "flake": false,
      "locked": {
        "lastModified": 1641205782,
        "narHash": "sha256-4jY7RCWUoZ9cKD8co0/4tFARpWB+57+r1bLLvXNJliY=",
        "owner": "edolstra",
        "repo": "flake-compat",
        "rev": "b7547d3eed6f32d06102ead8991ec52ab0a4f1a7",
        "type": "github"
      },
      "original": {
        "owner": "edolstra",
        "repo": "flake-compat",
        "type": "github"
      }
    },
    "flake-utils": {
      "locked": {
        "lastModified": 1638122382,
        "narHash": "sha256-sQzZzAbvKEqN9s0bzWuYmRaA03v40gaJ4+iL1LXjaeI=",
        "owner": "numtide",
        "repo": "flake-utils",
        "rev": "74f7e4319258e287b0f9cb95426c9853b282730b",
        "type": "github"
      },
      "original": {
        "owner": "numtide",
        "repo": "flake-utils",
        "type": "github"
      }
    },
    "gitignore": {
      "flake": false,
      "locked": {
        "lastModified": 1635165013,
        "narHash": "sha256-o/BdVjNwcB6jOmzZjOH703BesSkkS5O7ej3xhyO8hAY=",
        "owner": "hercules-ci",
        "repo": "gitignore.nix",
        "rev": "5b9e0ff9d3b551234b4f3eb3983744fa354b17f1",
        "type": "github"
      },
      "original": {
        "owner": "hercules-ci",
        "repo": "gitignore.nix",
        "type": "github"
      }
    },
    "naersk": {
      "inputs": {
        "nixpkgs": "nixpkgs"
      },
      "locked": {
        "lastModified": 1671096816,
        "narHash": "sha256-ezQCsNgmpUHdZANDCILm3RvtO1xH8uujk/+EqNvzIOg=",
        "owner": "nix-community",
        "repo": "naersk",
        "rev": "d998160d6a076cfe8f9741e56aeec7e267e3e114",
        "type": "github"
      },
      "original": {
        "owner": "nix-community",
        "repo": "naersk",
        "type": "github"
      }
    },
    "nixpkgs": {
      "locked": {
        "lastModified": 1678987615,
        "narHash": "sha256-lF4agoB7ysQGNHRXvOqxtSKIZrUZwClA85aASahQlYM=",
        "owner": "NixOS",
        "repo": "nixpkgs",
        "rev": "194c2aa446b2b059886bb68be15ef6736d5a8c31",
        "type": "github"
      },
      "original": {
        "id": "nixpkgs",
        "type": "indirect"
      }
    },
    "nixpkgs_2": {
      "locked": {
        "lastModified": 1719152388,
        "narHash": "sha256-pHg0nzAa2ZM+zFamfsY7ZvVaB19pMr5wl4G5nO0J7eU=",
        "owner": "NixOS",
        "repo": "nixpkgs",
        "rev": "be54c7d931a68ba6a79f097ce979288e90a74288",
        "type": "github"
      },
      "original": {
        "owner": "NixOS",
        "repo": "nixpkgs",
        "type": "github"
      }
    },
    "root": {
      "inputs": {
        "cargo-wasm2map-src": "cargo-wasm2map-src",
        "flake-compat": "flake-compat",
        "flake-utils": "flake-utils",
        "gitignore": "gitignore",
        "naersk": "naersk",
        "nixpkgs": "nixpkgs_2",
        "rust-overlay": "rust-overlay"
      }
    },
    "rust-overlay": {
      "inputs": {
        "nixpkgs": [
          "nixpkgs"
        ]
      },
      "locked": {
        "lastModified": 1718681902,
        "narHash": "sha256-E/T7Ge6ayEQe7FVKMJqDBoHyLhRhjc6u9CmU8MyYfy0=",
        "owner": "oxalica",
        "repo": "rust-overlay",
        "rev": "16c8ad83297c278eebe740dea5491c1708960dd1",
        "type": "github"
      },
      "original": {
        "owner": "oxalica",
        "ref": "stable",
        "repo": "rust-overlay",
        "type": "github"
      }
    }
  },
  "root": "root",
  "version": 7
}
